
Microsoft Visual Studio Solution File, Format Version 12.00
# Visual Studio 15
VisualStudioVersion = 15.0.28307.960
MinimumVisualStudioVersion = 10.0.40219.1
Project("{FAE04EC0-301F-11D3-BF4B-00C04F79EFBC}") = "Twitterlogindeneme", "Twitterlogindeneme\Twitterlogindeneme.csproj", "{B8195885-8267-45B2-B1DA-17C617D5C7B3}"
EndProject
Global
	GlobalSection(SolutionConfigurationPlatforms) = preSolution
		Debug|Any CPU = Debug|Any CPU
		Release|Any CPU = Release|Any CPU
	EndGlobalSection
	GlobalSection(ProjectConfigurationPlatforms) = postSolution
		{B8195885-8267-45B2-B1DA-17C617D5C7B3}.Debug|Any CPU.ActiveCfg = Debug|Any CPU
		{B8195885-8267-45B2-B1DA-17C617D5C7B3}.Debug|Any CPU.Build.0 = Debug|Any CPU
		{B8195885-8267-45B2-B1DA-17C617D5C7B3}.Release|Any CPU.ActiveCfg = Release|Any CPU
		{B8195885-8267-45B2-B1DA-17C617D5C7B3}.Release|Any CPU.Build.0 = Release|Any CPU
	EndGlobalSection
	GlobalSection(SolutionProperties) = preSolution
		HideSolutionNode = FALSE
	EndGlobalSection
	GlobalSection(ExtensibilityGlobals) = postSolution
		SolutionGuid = {91951DEC-5C00-40BC-B174-84C838DC873D}
	EndGlobalSection
EndGlobal
